
Microsoft Visual Studio Solution File, Format Version 12.00
# Visual Studio Version 17
VisualStudioVersion = 17.8.34309.116
MinimumVisualStudioVersion = 10.0.40219.1
Project("{54A90642-561A-4BB1-A94E-469ADEE60C69}") = "HealthCheck", "HealthCheck\HealthCheck.esproj", "{D001A3C9-38A3-4323-B750-384AF134A15D}"
EndProject
Project("{FAE04EC0-301F-11D3-BF4B-00C04F79EFBC}") = "HealthCheckAPI", "HealthCheckAPI\HealthCheckAPI.csproj", "{B71B4696-7EBD-49BC-A8CB-CFE2268DE7A2}"
EndProject
Global
	GlobalSection(SolutionConfigurationPlatforms) = preSolution
		Debug|Any CPU = Debug|Any CPU
		Release|Any CPU = Release|Any CPU
	EndGlobalSection
	GlobalSection(ProjectConfigurationPlatforms) = postSolution
		{D001A3C9-38A3-4323-B750-384AF134A15D}.Debug|Any CPU.ActiveCfg = Debug|Any CPU
		{D001A3C9-38A3-4323-B750-384AF134A15D}.Debug|Any CPU.Build.0 = Debug|Any CPU
		{D001A3C9-38A3-4323-B750-384AF134A15D}.Debug|Any CPU.Deploy.0 = Debug|Any CPU
		{D001A3C9-38A3-4323-B750-384AF134A15D}.Release|Any CPU.ActiveCfg = Release|Any CPU
		{D001A3C9-38A3-4323-B750-384AF134A15D}.Release|Any CPU.Build.0 = Release|Any CPU
		{D001A3C9-38A3-4323-B750-384AF134A15D}.Release|Any CPU.Deploy.0 = Release|Any CPU
		{B71B4696-7EBD-49BC-A8CB-CFE2268DE7A2}.Debug|Any CPU.ActiveCfg = Debug|Any CPU
		{B71B4696-7EBD-49BC-A8CB-CFE2268DE7A2}.Debug|Any CPU.Build.0 = Debug|Any CPU
		{B71B4696-7EBD-49BC-A8CB-CFE2268DE7A2}.Release|Any CPU.ActiveCfg = Release|Any CPU
		{B71B4696-7EBD-49BC-A8CB-CFE2268DE7A2}.Release|Any CPU.Build.0 = Release|Any CPU
	EndGlobalSection
	GlobalSection(SolutionProperties) = preSolution
		HideSolutionNode = FALSE
	EndGlobalSection
	GlobalSection(ExtensibilityGlobals) = postSolution
		SolutionGuid = {36DA0058-EE11-4895-9F9A-966E97858CB6}
	EndGlobalSection
EndGlobal
